// !$*UTF8*$!
{
	archiveVersion = 1;
	classes = {
	};
	objectVersion = 56;
	objects = {

/* Begin PBXBuildFile section */
		D040C3F42A5BFE05003B59BC /* HomeView.swift in Sources */ = {isa = PBXBuildFile; fileRef = D040C3F32A5BFE05003B59BC /* HomeView.swift */; };
		D040C3FA2A5BFFBA003B59BC /* CircleButtonView.swift in Sources */ = {isa = PBXBuildFile; fileRef = D040C3F92A5BFFBA003B59BC /* CircleButtonView.swift */; };
		D040C3FC2A5C0894003B59BC /* CircleButtonAnimationView.swift in Sources */ = {isa = PBXBuildFile; fileRef = D040C3FB2A5C0894003B59BC /* CircleButtonAnimationView.swift */; };
		D040C3FF2A5C4953003B59BC /* CoinModel.swift in Sources */ = {isa = PBXBuildFile; fileRef = D040C3FE2A5C4953003B59BC /* CoinModel.swift */; };
		D040C4012A5C5426003B59BC /* CoinRowView.swift in Sources */ = {isa = PBXBuildFile; fileRef = D040C4002A5C5426003B59BC /* CoinRowView.swift */; };
		D040C4032A5C54A3003B59BC /* PreviewProvider.swift in Sources */ = {isa = PBXBuildFile; fileRef = D040C4022A5C54A3003B59BC /* PreviewProvider.swift */; };
		D040C4052A5C5943003B59BC /* Double.swift in Sources */ = {isa = PBXBuildFile; fileRef = D040C4042A5C5943003B59BC /* Double.swift */; };
		D04D23C22A57F770007F40D0 /* CryptoCoinsApp.swift in Sources */ = {isa = PBXBuildFile; fileRef = D04D23C12A57F770007F40D0 /* CryptoCoinsApp.swift */; };
		D04D23C42A57F770007F40D0 /* ContentView.swift in Sources */ = {isa = PBXBuildFile; fileRef = D04D23C32A57F770007F40D0 /* ContentView.swift */; };
		D04D23C62A57F773007F40D0 /* Assets.xcassets in Resources */ = {isa = PBXBuildFile; fileRef = D04D23C52A57F773007F40D0 /* Assets.xcassets */; };
		D04D23C92A57F773007F40D0 /* Preview Assets.xcassets in Resources */ = {isa = PBXBuildFile; fileRef = D04D23C82A57F773007F40D0 /* Preview Assets.xcassets */; };
		D09A98402A5EED7800A42063 /* HomeViewModel.swift in Sources */ = {isa = PBXBuildFile; fileRef = D09A983F2A5EED7800A42063 /* HomeViewModel.swift */; };
		D09A98432A5FFF6E00A42063 /* CoinDataService.swift in Sources */ = {isa = PBXBuildFile; fileRef = D09A98422A5FFF6E00A42063 /* CoinDataService.swift */; };
		D09A98462A612D4E00A42063 /* NetworkingManager.swift in Sources */ = {isa = PBXBuildFile; fileRef = D09A98452A612D4E00A42063 /* NetworkingManager.swift */; };
		D09A98492A62642800A42063 /* CoinImageView.swift in Sources */ = {isa = PBXBuildFile; fileRef = D09A98482A62642800A42063 /* CoinImageView.swift */; };
		D09A984B2A62678200A42063 /* CoinImageService.swift in Sources */ = {isa = PBXBuildFile; fileRef = D09A984A2A62678200A42063 /* CoinImageService.swift */; };
		D09A984D2A62695400A42063 /* CoinImageViewModel.swift in Sources */ = {isa = PBXBuildFile; fileRef = D09A984C2A62695400A42063 /* CoinImageViewModel.swift */; };
		D0A1DF2F2A5BF00800B93F43 /* Color.swift in Sources */ = {isa = PBXBuildFile; fileRef = D0A1DF2E2A5BF00800B93F43 /* Color.swift */; };
		D0C896B22A651B3D007D94DC /* LocalFileManager.swift in Sources */ = {isa = PBXBuildFile; fileRef = D0C896B12A651B3C007D94DC /* LocalFileManager.swift */; };
/* End PBXBuildFile section */

/* Begin PBXFileReference section */
		D040C3F32A5BFE05003B59BC /* HomeView.swift */ = {isa = PBXFileReference; lastKnownFileType = sourcecode.swift; path = HomeView.swift; sourceTree = "<group>"; };
		D040C3F92A5BFFBA003B59BC /* CircleButtonView.swift */ = {isa = PBXFileReference; lastKnownFileType = sourcecode.swift; path = CircleButtonView.swift; sourceTree = "<group>"; };
		D040C3FB2A5C0894003B59BC /* CircleButtonAnimationView.swift */ = {isa = PBXFileReference; lastKnownFileType = sourcecode.swift; path = CircleButtonAnimationView.swift; sourceTree = "<group>"; };
		D040C3FE2A5C4953003B59BC /* CoinModel.swift */ = {isa = PBXFileReference; lastKnownFileType = sourcecode.swift; path = CoinModel.swift; sourceTree = "<group>"; };
		D040C4002A5C5426003B59BC /* CoinRowView.swift */ = {isa = PBXFileReference; lastKnownFileType = sourcecode.swift; path = CoinRowView.swift; sourceTree = "<group>"; };
		D040C4022A5C54A3003B59BC /* PreviewProvider.swift */ = {isa = PBXFileReference; lastKnownFileType = sourcecode.swift; path = PreviewProvider.swift; sourceTree = "<group>"; };
		D040C4042A5C5943003B59BC /* Double.swift */ = {isa = PBXFileReference; lastKnownFileType = sourcecode.swift; path = Double.swift; sourceTree = "<group>"; };
		D04D23BE2A57F770007F40D0 /* CryptoCoins.app */ = {isa = PBXFileReference; explicitFileType = wrapper.application; includeInIndex = 0; path = CryptoCoins.app; sourceTree = BUILT_PRODUCTS_DIR; };
		D04D23C12A57F770007F40D0 /* CryptoCoinsApp.swift */ = {isa = PBXFileReference; lastKnownFileType = sourcecode.swift; path = CryptoCoinsApp.swift; sourceTree = "<group>"; };
		D04D23C32A57F770007F40D0 /* ContentView.swift */ = {isa = PBXFileReference; lastKnownFileType = sourcecode.swift; path = ContentView.swift; sourceTree = "<group>"; };
		D04D23C52A57F773007F40D0 /* Assets.xcassets */ = {isa = PBXFileReference; lastKnownFileType = folder.assetcatalog; path = Assets.xcassets; sourceTree = "<group>"; };
		D04D23C82A57F773007F40D0 /* Preview Assets.xcassets */ = {isa = PBXFileReference; lastKnownFileType = folder.assetcatalog; path = "Preview Assets.xcassets"; sourceTree = "<group>"; };
		D04D23CF2A57F9A0007F40D0 /* README.md */ = {isa = PBXFileReference; lastKnownFileType = net.daringfireball.markdown; path = README.md; sourceTree = "<group>"; };
		D09A983F2A5EED7800A42063 /* HomeViewModel.swift */ = {isa = PBXFileReference; lastKnownFileType = sourcecode.swift; path = HomeViewModel.swift; sourceTree = "<group>"; };
		D09A98422A5FFF6E00A42063 /* CoinDataService.swift */ = {isa = PBXFileReference; lastKnownFileType = sourcecode.swift; path = CoinDataService.swift; sourceTree = "<group>"; };
		D09A98452A612D4E00A42063 /* NetworkingManager.swift */ = {isa = PBXFileReference; lastKnownFileType = sourcecode.swift; path = NetworkingManager.swift; sourceTree = "<group>"; };
		D09A98482A62642800A42063 /* CoinImageView.swift */ = {isa = PBXFileReference; lastKnownFileType = sourcecode.swift; path = CoinImageView.swift; sourceTree = "<group>"; };
		D09A984A2A62678200A42063 /* CoinImageService.swift */ = {isa = PBXFileReference; lastKnownFileType = sourcecode.swift; path = CoinImageService.swift; sourceTree = "<group>"; };
		D09A984C2A62695400A42063 /* CoinImageViewModel.swift */ = {isa = PBXFileReference; lastKnownFileType = sourcecode.swift; path = CoinImageViewModel.swift; sourceTree = "<group>"; };
		D0A1DF2E2A5BF00800B93F43 /* Color.swift */ = {isa = PBXFileReference; lastKnownFileType = sourcecode.swift; path = Color.swift; sourceTree = "<group>"; };
		D0C896B12A651B3C007D94DC /* LocalFileManager.swift */ = {isa = PBXFileReference; lastKnownFileType = sourcecode.swift; path = LocalFileManager.swift; sourceTree = "<group>"; };
/* End PBXFileReference section */

/* Begin PBXFrameworksBuildPhase section */
		D04D23BB2A57F770007F40D0 /* Frameworks */ = {
			isa = PBXFrameworksBuildPhase;
			buildActionMask = 2147483647;
			files = (
			);
			runOnlyForDeploymentPostprocessing = 0;
		};
/* End PBXFrameworksBuildPhase section */

/* Begin PBXGroup section */
		D040C3EF2A5BFDB7003B59BC /* Core */ = {
			isa = PBXGroup;
			children = (
				D040C3F72A5BFF98003B59BC /* Components */,
				D040C3F02A5BFDCD003B59BC /* Home */,
			);
			path = Core;
			sourceTree = "<group>";
		};
		D040C3F02A5BFDCD003B59BC /* Home */ = {
			isa = PBXGroup;
			children = (
				D040C3F22A5BFDE4003B59BC /* ViewModels */,
				D040C3F12A5BFDDD003B59BC /* Views */,
			);
			path = Home;
			sourceTree = "<group>";
		};
		D040C3F12A5BFDDD003B59BC /* Views */ = {
			isa = PBXGroup;
			children = (
				D040C3F32A5BFE05003B59BC /* HomeView.swift */,
				D040C4002A5C5426003B59BC /* CoinRowView.swift */,
			);
			path = Views;
			sourceTree = "<group>";
		};
		D040C3F22A5BFDE4003B59BC /* ViewModels */ = {
			isa = PBXGroup;
			children = (
				D09A983F2A5EED7800A42063 /* HomeViewModel.swift */,
			);
			path = ViewModels;
			sourceTree = "<group>";
		};
		D040C3F72A5BFF98003B59BC /* Components */ = {
			isa = PBXGroup;
			children = (
				D09A98472A6180E400A42063 /* CoinImage */,
				D040C3F82A5BFF9F003B59BC /* CircleButton */,
			);
			path = Components;
			sourceTree = "<group>";
		};
		D040C3F82A5BFF9F003B59BC /* CircleButton */ = {
			isa = PBXGroup;
			children = (
				D040C3F92A5BFFBA003B59BC /* CircleButtonView.swift */,
				D040C3FB2A5C0894003B59BC /* CircleButtonAnimationView.swift */,
			);
			path = CircleButton;
			sourceTree = "<group>";
		};
		D040C3FD2A5C493D003B59BC /* Models */ = {
			isa = PBXGroup;
			children = (
				D040C3FE2A5C4953003B59BC /* CoinModel.swift */,
			);
			path = Models;
			sourceTree = "<group>";
		};
		D04D23B52A57F770007F40D0 = {
			isa = PBXGroup;
			children = (
				D04D23CF2A57F9A0007F40D0 /* README.md */,
				D04D23C02A57F770007F40D0 /* CryptoCoins */,
				D04D23BF2A57F770007F40D0 /* Products */,
			);
			sourceTree = "<group>";
		};
		D04D23BF2A57F770007F40D0 /* Products */ = {
			isa = PBXGroup;
			children = (
				D04D23BE2A57F770007F40D0 /* CryptoCoins.app */,
			);
			name = Products;
			sourceTree = "<group>";
		};
		D04D23C02A57F770007F40D0 /* CryptoCoins */ = {
			isa = PBXGroup;
			children = (
				D09A98442A612D1400A42063 /* Utilities */,
				D09A98412A5FFE9400A42063 /* Services */,
				D040C3FD2A5C493D003B59BC /* Models */,
				D040C3EF2A5BFDB7003B59BC /* Core */,
				D0A1DF2D2A5BEFDC00B93F43 /* Extentions */,
				D04D23C12A57F770007F40D0 /* CryptoCoinsApp.swift */,
				D04D23C32A57F770007F40D0 /* ContentView.swift */,
				D04D23C52A57F773007F40D0 /* Assets.xcassets */,
				D04D23C72A57F773007F40D0 /* Preview Content */,
			);
			path = CryptoCoins;
			sourceTree = "<group>";
		};
		D04D23C72A57F773007F40D0 /* Preview Content */ = {
			isa = PBXGroup;
			children = (
				D04D23C82A57F773007F40D0 /* Preview Assets.xcassets */,
			);
			path = "Preview Content";
			sourceTree = "<group>";
		};
		D09A98412A5FFE9400A42063 /* Services */ = {
			isa = PBXGroup;
			children = (
				D09A98422A5FFF6E00A42063 /* CoinDataService.swift */,
				D09A984A2A62678200A42063 /* CoinImageService.swift */,
			);
			path = Services;
			sourceTree = "<group>";
		};
		D09A98442A612D1400A42063 /* Utilities */ = {
			isa = PBXGroup;
			children = (
				D09A98452A612D4E00A42063 /* NetworkingManager.swift */,
				D0C896B12A651B3C007D94DC /* LocalFileManager.swift */,
			);
			path = Utilities;
			sourceTree = "<group>";
		};
		D09A98472A6180E400A42063 /* CoinImage */ = {
			isa = PBXGroup;
			children = (
				D09A98482A62642800A42063 /* CoinImageView.swift */,
				D09A984C2A62695400A42063 /* CoinImageViewModel.swift */,
			);
			path = CoinImage;
			sourceTree = "<group>";
		};
		D0A1DF2D2A5BEFDC00B93F43 /* Extentions */ = {
			isa = PBXGroup;
			children = (
				D0A1DF2E2A5BF00800B93F43 /* Color.swift */,
				D040C4022A5C54A3003B59BC /* PreviewProvider.swift */,
				D040C4042A5C5943003B59BC /* Double.swift */,
			);
			path = Extentions;
			sourceTree = "<group>";
		};
/* End PBXGroup section */

/* Begin PBXNativeTarget section */
		D04D23BD2A57F770007F40D0 /* CryptoCoins */ = {
			isa = PBXNativeTarget;
			buildConfigurationList = D04D23CC2A57F773007F40D0 /* Build configuration list for PBXNativeTarget "CryptoCoins" */;
			buildPhases = (
				D04D23BA2A57F770007F40D0 /* Sources */,
				D04D23BB2A57F770007F40D0 /* Frameworks */,
				D04D23BC2A57F770007F40D0 /* Resources */,
			);
			buildRules = (
			);
			dependencies = (
			);
			name = CryptoCoins;
			productName = CryptoCoins;
			productReference = D04D23BE2A57F770007F40D0 /* CryptoCoins.app */;
			productType = "com.apple.product-type.application";
		};
/* End PBXNativeTarget section */

/* Begin PBXProject section */
		D04D23B62A57F770007F40D0 /* Project object */ = {
			isa = PBXProject;
			attributes = {
				BuildIndependentTargetsInParallel = 1;
				LastSwiftUpdateCheck = 1400;
				LastUpgradeCheck = 1400;
				TargetAttributes = {
					D04D23BD2A57F770007F40D0 = {
						CreatedOnToolsVersion = 14.0.1;
					};
				};
			};
			buildConfigurationList = D04D23B92A57F770007F40D0 /* Build configuration list for PBXProject "CryptoCoins" */;
			compatibilityVersion = "Xcode 14.0";
			developmentRegion = en;
			hasScannedForEncodings = 0;
			knownRegions = (
				en,
				Base,
			);
			mainGroup = D04D23B52A57F770007F40D0;
			productRefGroup = D04D23BF2A57F770007F40D0 /* Products */;
			projectDirPath = "";
			projectRoot = "";
			targets = (
				D04D23BD2A57F770007F40D0 /* CryptoCoins */,
			);
		};
/* End PBXProject section */

/* Begin PBXResourcesBuildPhase section */
		D04D23BC2A57F770007F40D0 /* Resources */ = {
			isa = PBXResourcesBuildPhase;
			buildActionMask = 2147483647;
			files = (
				D04D23C92A57F773007F40D0 /* Preview Assets.xcassets in Resources */,
				D04D23C62A57F773007F40D0 /* Assets.xcassets in Resources */,
			);
			runOnlyForDeploymentPostprocessing = 0;
		};
/* End PBXResourcesBuildPhase section */

/* Begin PBXSourcesBuildPhase section */
		D04D23BA2A57F770007F40D0 /* Sources */ = {
			isa = PBXSourcesBuildPhase;
			buildActionMask = 2147483647;
			files = (
				D09A98432A5FFF6E00A42063 /* CoinDataService.swift in Sources */,
				D040C4012A5C5426003B59BC /* CoinRowView.swift in Sources */,
				D09A98402A5EED7800A42063 /* HomeViewModel.swift in Sources */,
				D04D23C42A57F770007F40D0 /* ContentView.swift in Sources */,
				D0C896B22A651B3D007D94DC /* LocalFileManager.swift in Sources */,
				D040C3F42A5BFE05003B59BC /* HomeView.swift in Sources */,
				D09A98492A62642800A42063 /* CoinImageView.swift in Sources */,
				D04D23C22A57F770007F40D0 /* CryptoCoinsApp.swift in Sources */,
				D040C3FA2A5BFFBA003B59BC /* CircleButtonView.swift in Sources */,
				D0A1DF2F2A5BF00800B93F43 /* Color.swift in Sources */,
				D09A98462A612D4E00A42063 /* NetworkingManager.swift in Sources */,
				D040C3FC2A5C0894003B59BC /* CircleButtonAnimationView.swift in Sources */,
				D09A984D2A62695400A42063 /* CoinImageViewModel.swift in Sources */,
				D040C4032A5C54A3003B59BC /* PreviewProvider.swift in Sources */,
				D040C4052A5C5943003B59BC /* Double.swift in Sources */,
				D09A984B2A62678200A42063 /* CoinImageService.swift in Sources */,
				D040C3FF2A5C4953003B59BC /* CoinModel.swift in Sources */,
			);
			runOnlyForDeploymentPostprocessing = 0;
		};
/* End PBXSourcesBuildPhase section */

/* Begin XCBuildConfiguration section */
		D04D23CA2A57F773007F40D0 /* Debug */ = {
			isa = XCBuildConfiguration;
			buildSettings = {
				ALWAYS_SEARCH_USER_PATHS = NO;
				CLANG_ANALYZER_NONNULL = YES;
				CLANG_ANALYZER_NUMBER_OBJECT_CONVERSION = YES_AGGRESSIVE;
				CLANG_CXX_LANGUAGE_STANDARD = "gnu++20";
				CLANG_ENABLE_MODULES = YES;
				CLANG_ENABLE_OBJC_ARC = YES;
				CLANG_ENABLE_OBJC_WEAK = YES;
				CLANG_WARN_BLOCK_CAPTURE_AUTORELEASING = YES;
				CLANG_WARN_BOOL_CONVERSION = YES;
				CLANG_WARN_COMMA = YES;
				CLANG_WARN_CONSTANT_CONVERSION = YES;
				CLANG_WARN_DEPRECATED_OBJC_IMPLEMENTATIONS = YES;
				CLANG_WARN_DIRECT_OBJC_ISA_USAGE = YES_ERROR;
				CLANG_WARN_DOCUMENTATION_COMMENTS = YES;
				CLANG_WARN_EMPTY_BODY = YES;
				CLANG_WARN_ENUM_CONVERSION = YES;
				CLANG_WARN_INFINITE_RECURSION = YES;
				CLANG_WARN_INT_CONVERSION = YES;
				CLANG_WARN_NON_LITERAL_NULL_CONVERSION = YES;
				CLANG_WARN_OBJC_IMPLICIT_RETAIN_SELF = YES;
				CLANG_WARN_OBJC_LITERAL_CONVERSION = YES;
				CLANG_WARN_OBJC_ROOT_CLASS = YES_ERROR;
				CLANG_WARN_QUOTED_INCLUDE_IN_FRAMEWORK_HEADER = YES;
				CLANG_WARN_RANGE_LOOP_ANALYSIS = YES;
				CLANG_WARN_STRICT_PROTOTYPES = YES;
				CLANG_WARN_SUSPICIOUS_MOVE = YES;
				CLANG_WARN_UNGUARDED_AVAILABILITY = YES_AGGRESSIVE;
				CLANG_WARN_UNREACHABLE_CODE = YES;
				CLANG_WARN__DUPLICATE_METHOD_MATCH = YES;
				COPY_PHASE_STRIP = NO;
				DEBUG_INFORMATION_FORMAT = dwarf;
				ENABLE_STRICT_OBJC_MSGSEND = YES;
				ENABLE_TESTABILITY = YES;
				GCC_C_LANGUAGE_STANDARD = gnu11;
				GCC_DYNAMIC_NO_PIC = NO;
				GCC_NO_COMMON_BLOCKS = YES;
				GCC_OPTIMIZATION_LEVEL = 0;
				GCC_PREPROCESSOR_DEFINITIONS = (
					"DEBUG=1",
					"$(inherited)",
				);
				GCC_WARN_64_TO_32_BIT_CONVERSION = YES;
				GCC_WARN_ABOUT_RETURN_TYPE = YES_ERROR;
				GCC_WARN_UNDECLARED_SELECTOR = YES;
				GCC_WARN_UNINITIALIZED_AUTOS = YES_AGGRESSIVE;
				GCC_WARN_UNUSED_FUNCTION = YES;
				GCC_WARN_UNUSED_VARIABLE = YES;
				IPHONEOS_DEPLOYMENT_TARGET = 16.0;
				MTL_ENABLE_DEBUG_INFO = INCLUDE_SOURCE;
				MTL_FAST_MATH = YES;
				ONLY_ACTIVE_ARCH = YES;
				SDKROOT = iphoneos;
				SWIFT_ACTIVE_COMPILATION_CONDITIONS = DEBUG;
				SWIFT_OPTIMIZATION_LEVEL = "-Onone";
			};
			name = Debug;
		};
		D04D23CB2A57F773007F40D0 /* Release */ = {
			isa = XCBuildConfiguration;
			buildSettings = {
				ALWAYS_SEARCH_USER_PATHS = NO;
				CLANG_ANALYZER_NONNULL = YES;
				CLANG_ANALYZER_NUMBER_OBJECT_CONVERSION = YES_AGGRESSIVE;
				CLANG_CXX_LANGUAGE_STANDARD = "gnu++20";
				CLANG_ENABLE_MODULES = YES;
				CLANG_ENABLE_OBJC_ARC = YES;
				CLANG_ENABLE_OBJC_WEAK = YES;
				CLANG_WARN_BLOCK_CAPTURE_AUTORELEASING = YES;
				CLANG_WARN_BOOL_CONVERSION = YES;
				CLANG_WARN_COMMA = YES;
				CLANG_WARN_CONSTANT_CONVERSION = YES;
				CLANG_WARN_DEPRECATED_OBJC_IMPLEMENTATIONS = YES;
				CLANG_WARN_DIRECT_OBJC_ISA_USAGE = YES_ERROR;
				CLANG_WARN_DOCUMENTATION_COMMENTS = YES;
				CLANG_WARN_EMPTY_BODY = YES;
				CLANG_WARN_ENUM_CONVERSION = YES;
				CLANG_WARN_INFINITE_RECURSION = YES;
				CLANG_WARN_INT_CONVERSION = YES;
				CLANG_WARN_NON_LITERAL_NULL_CONVERSION = YES;
				CLANG_WARN_OBJC_IMPLICIT_RETAIN_SELF = YES;
				CLANG_WARN_OBJC_LITERAL_CONVERSION = YES;
				CLANG_WARN_OBJC_ROOT_CLASS = YES_ERROR;
				CLANG_WARN_QUOTED_INCLUDE_IN_FRAMEWORK_HEADER = YES;
				CLANG_WARN_RANGE_LOOP_ANALYSIS = YES;
				CLANG_WARN_STRICT_PROTOTYPES = YES;
				CLANG_WARN_SUSPICIOUS_MOVE = YES;
				CLANG_WARN_UNGUARDED_AVAILABILITY = YES_AGGRESSIVE;
				CLANG_WARN_UNREACHABLE_CODE = YES;
				CLANG_WARN__DUPLICATE_METHOD_MATCH = YES;
				COPY_PHASE_STRIP = NO;
				DEBUG_INFORMATION_FORMAT = "dwarf-with-dsym";
				ENABLE_NS_ASSERTIONS = NO;
				ENABLE_STRICT_OBJC_MSGSEND = YES;
				GCC_C_LANGUAGE_STANDARD = gnu11;
				GCC_NO_COMMON_BLOCKS = YES;
				GCC_WARN_64_TO_32_BIT_CONVERSION = YES;
				GCC_WARN_ABOUT_RETURN_TYPE = YES_ERROR;
				GCC_WARN_UNDECLARED_SELECTOR = YES;
				GCC_WARN_UNINITIALIZED_AUTOS = YES_AGGRESSIVE;
				GCC_WARN_UNUSED_FUNCTION = YES;
				GCC_WARN_UNUSED_VARIABLE = YES;
				IPHONEOS_DEPLOYMENT_TARGET = 16.0;
				MTL_ENABLE_DEBUG_INFO = NO;
				MTL_FAST_MATH = YES;
				SDKROOT = iphoneos;
				SWIFT_COMPILATION_MODE = wholemodule;
				SWIFT_OPTIMIZATION_LEVEL = "-O";
				VALIDATE_PRODUCT = YES;
			};
			name = Release;
		};
		D04D23CD2A57F773007F40D0 /* Debug */ = {
			isa = XCBuildConfiguration;
			buildSettings = {
				ASSETCATALOG_COMPILER_APPICON_NAME = AppIcon;
				ASSETCATALOG_COMPILER_GLOBAL_ACCENT_COLOR_NAME = AccentColor;
				CODE_SIGN_STYLE = Automatic;
				CURRENT_PROJECT_VERSION = 1;
				DEVELOPMENT_ASSET_PATHS = "\"CryptoCoins/Preview Content\"";
				DEVELOPMENT_TEAM = 2S52Q5VDX5;
				ENABLE_PREVIEWS = YES;
				GENERATE_INFOPLIST_FILE = YES;
				INFOPLIST_KEY_CFBundleDisplayName = "Crypto Tracker";
				INFOPLIST_KEY_UIApplicationSceneManifest_Generation = YES;
				INFOPLIST_KEY_UIApplicationSupportsIndirectInputEvents = YES;
				INFOPLIST_KEY_UILaunchScreen_Generation = YES;
				INFOPLIST_KEY_UISupportedInterfaceOrientations = UIInterfaceOrientationPortrait;
				INFOPLIST_KEY_UISupportedInterfaceOrientations_iPad = "UIInterfaceOrientationLandscapeLeft UIInterfaceOrientationLandscapeRight UIInterfaceOrientationPortrait UIInterfaceOrientationPortraitUpsideDown";
				LD_RUNPATH_SEARCH_PATHS = (
					"$(inherited)",
					"@executable_path/Frameworks",
				);
				MARKETING_VERSION = 1.0;
				PRODUCT_BUNDLE_IDENTIFIER = com.a.pride.CryptoCoins;
				PRODUCT_NAME = "$(TARGET_NAME)";
				SUPPORTED_PLATFORMS = "iphoneos iphonesimulator";
				SUPPORTS_MACCATALYST = NO;
				SUPPORTS_MAC_DESIGNED_FOR_IPHONE_IPAD = NO;
				SWIFT_EMIT_LOC_STRINGS = YES;
				SWIFT_VERSION = 5.0;
				TARGETED_DEVICE_FAMILY = "1,2";
			};
			name = Debug;
		};
		D04D23CE2A57F773007F40D0 /* Release */ = {
			isa = XCBuildConfiguration;
			buildSettings = {
				ASSETCATALOG_COMPILER_APPICON_NAME = AppIcon;
				ASSETCATALOG_COMPILER_GLOBAL_ACCENT_COLOR_NAME = AccentColor;
				CODE_SIGN_STYLE = Automatic;
				CURRENT_PROJECT_VERSION = 1;
				DEVELOPMENT_ASSET_PATHS = "\"CryptoCoins/Preview Content\"";
				DEVELOPMENT_TEAM = 2S52Q5VDX5;
				ENABLE_PREVIEWS = YES;
				GENERATE_INFOPLIST_FILE = YES;
				INFOPLIST_KEY_CFBundleDisplayName = "Crypto Tracker";
				INFOPLIST_KEY_UIApplicationSceneManifest_Generation = YES;
				INFOPLIST_KEY_UIApplicationSupportsIndirectInputEvents = YES;
				INFOPLIST_KEY_UILaunchScreen_Generation = YES;
				INFOPLIST_KEY_UISupportedInterfaceOrientations = UIInterfaceOrientationPortrait;
				INFOPLIST_KEY_UISupportedInterfaceOrientations_iPad = "UIInterfaceOrientationLandscapeLeft UIInterfaceOrientationLandscapeRight UIInterfaceOrientationPortrait UIInterfaceOrientationPortraitUpsideDown";
				LD_RUNPATH_SEARCH_PATHS = (
					"$(inherited)",
					"@executable_path/Frameworks",
				);
				MARKETING_VERSION = 1.0;
				PRODUCT_BUNDLE_IDENTIFIER = com.a.pride.CryptoCoins;
				PRODUCT_NAME = "$(TARGET_NAME)";
				SUPPORTED_PLATFORMS = "iphoneos iphonesimulator";
				SUPPORTS_MACCATALYST = NO;
				SUPPORTS_MAC_DESIGNED_FOR_IPHONE_IPAD = NO;
				SWIFT_EMIT_LOC_STRINGS = YES;
				SWIFT_VERSION = 5.0;
				TARGETED_DEVICE_FAMILY = "1,2";
			};
			name = Release;
		};
/* End XCBuildConfiguration section */

/* Begin XCConfigurationList section */
		D04D23B92A57F770007F40D0 /* Build configuration list for PBXProject "CryptoCoins" */ = {
			isa = XCConfigurationList;
			buildConfigurations = (
				D04D23CA2A57F773007F40D0 /* Debug */,
				D04D23CB2A57F773007F40D0 /* Release */,
			);
			defaultConfigurationIsVisible = 0;
			defaultConfigurationName = Release;
		};
		D04D23CC2A57F773007F40D0 /* Build configuration list for PBXNativeTarget "CryptoCoins" */ = {
			isa = XCConfigurationList;
			buildConfigurations = (
				D04D23CD2A57F773007F40D0 /* Debug */,
				D04D23CE2A57F773007F40D0 /* Release */,
			);
			defaultConfigurationIsVisible = 0;
			defaultConfigurationName = Release;
		};
/* End XCConfigurationList section */
	};
	rootObject = D04D23B62A57F770007F40D0 /* Project object */;
}
